PODS:
  - Flutter (1.0.0)
  - flutter_bdface_collect (0.0.1):
    - Flutter

DEPENDENCIES:
  - Flutter (from `Flutter`)
  - flutter_bdface_collect (from `.symlinks/plugins/flutter_bdface_collect/ios`)

EXTERNAL SOURCES:
  Flutter:
    :path: Flutter
  flutter_bdface_collect:
    :path: ".symlinks/plugins/flutter_bdface_collect/ios"

SPEC CHECKSUMS:
  Flutter: 50d75fe2f02b26cc09d224853bb45737f8b3214a
  flutter_bdface_collect: 0dcef88426b2fcb5d9ef4d01af386e1073630413

PODFILE CHECKSUM: 8e679eca47255a8ca8067c4c67aab20e64cb974d

COCOAPODS: 1.11.0
